
Microsoft Visual Studio Solution File, Format Version 12.00
# Visual Studio Version 17
VisualStudioVersion = 17.10.35013.160
MinimumVisualStudioVersion = 10.0.40219.1
Project("{FAE04EC0-301F-11D3-BF4B-00C04F79EFBC}") = "WpfApp1", "WpfApp1\WpfApp1.csproj", "{97413C34-4917-4390-AA9F-61F759743872}"
EndProject
Global
	GlobalSection(SolutionConfigurationPlatforms) = preSolution
		Debug|Any CPU = Debug|Any CPU
		Release|Any CPU = Release|Any CPU
	EndGlobalSection
	GlobalSection(ProjectConfigurationPlatforms) = postSolution
		{97413C34-4917-4390-AA9F-61F759743872}.Debug|Any CPU.ActiveCfg = Debug|Any CPU
		{97413C34-4917-4390-AA9F-61F759743872}.Debug|Any CPU.Build.0 = Debug|Any CPU
		{97413C34-4917-4390-AA9F-61F759743872}.Release|Any CPU.ActiveCfg = Release|Any CPU
		{97413C34-4917-4390-AA9F-61F759743872}.Release|Any CPU.Build.0 = Release|Any CPU
	EndGlobalSection
	GlobalSection(SolutionProperties) = preSolution
		HideSolutionNode = FALSE
	EndGlobalSection
	GlobalSection(ExtensibilityGlobals) = postSolution
		SolutionGuid = {C67E100F-D5A1-4FBE-A6D1-0611D2B346C1}
	EndGlobalSection
EndGlobal
